{
  "name": "timelogger",
  "version": "1.0.0",
  "lockfileVersion": 1,
  "requires": true,
  "dependencies": {
    "@types/node": {
      "version": "16.11.6",
      "resolved": "https://registry.npmjs.org/@types/node/-/node-16.11.6.tgz",
      "integrity": "sha512-ua7PgUoeQFjmWPcoo9khiPum3Pd60k4/2ZGXt18sm2Slk0W0xZTqt5Y0Ny1NyBiN1EVQ/+FaF9NcY4Qe6rwk5w=="
    },
    "@types/pizzip": {
      "version": "3.0.2",
      "resolved": "https://registry.npmjs.org/@types/pizzip/-/pizzip-3.0.2.tgz",
      "integrity": "sha512-tawT8YAMYCOPLmyx945+0bbmL/XB0ldwX7gemWhGhYmot2a3wsKQCaJw2Nr3KK+bbpTcl4cbJRkQS2jscKn/qw==",
      "requires": {
        "@types/node": "*"
      }
    },
    "@xmldom/xmldom": {
      "version": "0.7.5",
      "resolved": "https://registry.npmjs.org/@xmldom/xmldom/-/xmldom-0.7.5.tgz",
      "integrity": "sha512-V3BIhmY36fXZ1OtVcI9W+FxQqxVLsPKcNjWigIaa81dLC9IolJl5Mt4Cvhmr0flUnjSpTdrbMTSbXqYqV5dT6A=="
    },
    "docxtemplater": {
      "version": "3.26.0",
      "resolved": "https://registry.npmjs.org/docxtemplater/-/docxtemplater-3.26.0.tgz",
      "integrity": "sha512-erttvIxwKkiPSOoyNP3k0tYkZhJpzkdQJY/cIU5MK7rIVHbJC0TUTlqpixYLdZn4YhHHII4jRWcV7qTNCCrZKQ==",
      "requires": {
        "@xmldom/xmldom": "^0.7.5"
      }
    },
    "pako": {
      "version": "2.0.4",
      "resolved": "https://registry.npmjs.org/pako/-/pako-2.0.4.tgz",
      "integrity": "sha512-v8tweI900AUkZN6heMU/4Uy4cXRc2AYNRggVmTR+dEncawDJgCdLMximOVA2p4qO57WMynangsfGRb5WD6L1Bg=="
    },
    "pizzip": {
      "version": "3.1.1",
      "resolved": "https://registry.npmjs.org/pizzip/-/pizzip-3.1.1.tgz",
      "integrity": "sha512-+SYbkj87i+/4LR2F0lIeLTRFg95aj14OhGka988Jg8HiXZVOifdBIWaKZTnfZFvvUl5torCXQ/e+wZ6D23hPuQ==",
      "requires": {
        "pako": "^2.0.4"
      }
    },
    "typescript": {
      "version": "4.4.4",
      "resolved": "https://registry.npmjs.org/typescript/-/typescript-4.4.4.tgz",
      "integrity": "sha512-DqGhF5IKoBl8WNf8C1gu8q0xZSInh9j1kJJMqT3a94w1JzVaBU4EXOSMrz9yDqMT0xt3selp83fuFMQ0uzv6qA=="
    }
  }
}
